
Microsoft Visual Studio Solution File, Format Version 12.00
# Visual Studio Version 16
VisualStudioVersion = 16.0.30611.23
MinimumVisualStudioVersion = 10.0.40219.1
Project("{FAE04EC0-301F-11D3-BF4B-00C04F79EFBC}") = "ChatForm", "C:\Users\micah\Desktop\Course Repos\C#\Smith-Micah\Assignments\Assignment2\ChatForm\ChatForm.csproj", "{069ED5C8-7114-4441-BCF1-F5F9F838E6D5}"
EndProject
Project("{FAE04EC0-301F-11D3-BF4B-00C04F79EFBC}") = "BusinessClass", "TaskHandler\BusinessClass.csproj", "{2FA2375F-6A78-44A8-86AE-F349E0E12D41}"
EndProject
Project("{FAE04EC0-301F-11D3-BF4B-00C04F79EFBC}") = "ChatLogger", "ChatLogger\ChatLogger.csproj", "{F4606F98-FC11-4929-8049-7DF1973490C4}"
EndProject
Project("{FAE04EC0-301F-11D3-BF4B-00C04F79EFBC}") = "ChatLib", "ChatLib\ChatLib.csproj", "{BF73F613-6BE1-4A4A-AA49-D82FE8177097}"
EndProject
Global
	GlobalSection(SolutionConfigurationPlatforms) = preSolution
		Debug|Any CPU = Debug|Any CPU
		Release|Any CPU = Release|Any CPU
	EndGlobalSection
	GlobalSection(ProjectConfigurationPlatforms) = postSolution
		{069ED5C8-7114-4441-BCF1-F5F9F838E6D5}.Debug|Any CPU.ActiveCfg = Debug|Any CPU
		{069ED5C8-7114-4441-BCF1-F5F9F838E6D5}.Debug|Any CPU.Build.0 = Debug|Any CPU
		{069ED5C8-7114-4441-BCF1-F5F9F838E6D5}.Release|Any CPU.ActiveCfg = Release|Any CPU
		{069ED5C8-7114-4441-BCF1-F5F9F838E6D5}.Release|Any CPU.Build.0 = Release|Any CPU
		{2FA2375F-6A78-44A8-86AE-F349E0E12D41}.Debug|Any CPU.ActiveCfg = Debug|Any CPU
		{2FA2375F-6A78-44A8-86AE-F349E0E12D41}.Debug|Any CPU.Build.0 = Debug|Any CPU
		{2FA2375F-6A78-44A8-86AE-F349E0E12D41}.Release|Any CPU.ActiveCfg = Release|Any CPU
		{2FA2375F-6A78-44A8-86AE-F349E0E12D41}.Release|Any CPU.Build.0 = Release|Any CPU
		{F4606F98-FC11-4929-8049-7DF1973490C4}.Debug|Any CPU.ActiveCfg = Debug|Any CPU
		{F4606F98-FC11-4929-8049-7DF1973490C4}.Debug|Any CPU.Build.0 = Debug|Any CPU
		{F4606F98-FC11-4929-8049-7DF1973490C4}.Release|Any CPU.ActiveCfg = Release|Any CPU
		{F4606F98-FC11-4929-8049-7DF1973490C4}.Release|Any CPU.Build.0 = Release|Any CPU
		{BF73F613-6BE1-4A4A-AA49-D82FE8177097}.Debug|Any CPU.ActiveCfg = Debug|Any CPU
		{BF73F613-6BE1-4A4A-AA49-D82FE8177097}.Debug|Any CPU.Build.0 = Debug|Any CPU
		{BF73F613-6BE1-4A4A-AA49-D82FE8177097}.Release|Any CPU.ActiveCfg = Release|Any CPU
		{BF73F613-6BE1-4A4A-AA49-D82FE8177097}.Release|Any CPU.Build.0 = Release|Any CPU
	EndGlobalSection
	GlobalSection(SolutionProperties) = preSolution
		HideSolutionNode = FALSE
	EndGlobalSection
	GlobalSection(ExtensibilityGlobals) = postSolution
		SolutionGuid = {2DCCC629-D5DF-4BCE-AE07-89EB51DE2CF7}
	EndGlobalSection
EndGlobal
